
Microsoft Visual Studio Solution File, Format Version 12.00
# Visual Studio Version 17
VisualStudioVersion = 17.10.35027.167
MinimumVisualStudioVersion = 10.0.40219.1
Project("{9A19103F-16F7-4668-BE54-9A1E7A4F7556}") = "DocManager", "DocManager\DocManager\DocManager.csproj", "{F6C4A14D-5230-4848-85C3-63239A3ADC60}"
EndProject
Project("{9A19103F-16F7-4668-BE54-9A1E7A4F7556}") = "DocManager.Client", "DocManager\DocManager.Client\DocManager.Client.csproj", "{3C8E1CC4-2A4F-4334-BA4D-18981642F8F4}"
EndProject
Project("{FAE04EC0-301F-11D3-BF4B-00C04F79EFBC}") = "Shared", "Shared\Shared.csproj", "{EB24E426-18B4-4167-83F1-53F651848C7C}"
EndProject
Global
	GlobalSection(SolutionConfigurationPlatforms) = preSolution
		Debug|Any CPU = Debug|Any CPU
		Release|Any CPU = Release|Any CPU
	EndGlobalSection
	GlobalSection(ProjectConfigurationPlatforms) = postSolution
		{F6C4A14D-5230-4848-85C3-63239A3ADC60}.Debug|Any CPU.ActiveCfg = Debug|Any CPU
		{F6C4A14D-5230-4848-85C3-63239A3ADC60}.Debug|Any CPU.Build.0 = Debug|Any CPU
		{F6C4A14D-5230-4848-85C3-63239A3ADC60}.Release|Any CPU.ActiveCfg = Release|Any CPU
		{F6C4A14D-5230-4848-85C3-63239A3ADC60}.Release|Any CPU.Build.0 = Release|Any CPU
		{3C8E1CC4-2A4F-4334-BA4D-18981642F8F4}.Debug|Any CPU.ActiveCfg = Debug|Any CPU
		{3C8E1CC4-2A4F-4334-BA4D-18981642F8F4}.Debug|Any CPU.Build.0 = Debug|Any CPU
		{3C8E1CC4-2A4F-4334-BA4D-18981642F8F4}.Release|Any CPU.ActiveCfg = Release|Any CPU
		{3C8E1CC4-2A4F-4334-BA4D-18981642F8F4}.Release|Any CPU.Build.0 = Release|Any CPU
		{EB24E426-18B4-4167-83F1-53F651848C7C}.Debug|Any CPU.ActiveCfg = Debug|Any CPU
		{EB24E426-18B4-4167-83F1-53F651848C7C}.Debug|Any CPU.Build.0 = Debug|Any CPU
		{EB24E426-18B4-4167-83F1-53F651848C7C}.Release|Any CPU.ActiveCfg = Release|Any CPU
		{EB24E426-18B4-4167-83F1-53F651848C7C}.Release|Any CPU.Build.0 = Release|Any CPU
	EndGlobalSection
	GlobalSection(SolutionProperties) = preSolution
		HideSolutionNode = FALSE
	EndGlobalSection
	GlobalSection(ExtensibilityGlobals) = postSolution
		SolutionGuid = {F37081D1-4CF9-48B6-B344-0AECFEA24E62}
	EndGlobalSection
EndGlobal
